
Microsoft Visual Studio Solution File, Format Version 12.00
# Visual Studio 15
VisualStudioVersion = 15.0.28010.2048
MinimumVisualStudioVersion = 10.0.40219.1
Project("{FAE04EC0-301F-11D3-BF4B-00C04F79EFBC}") = "HKoAssignment1", "HKoAssignment1\HKoAssignment1.csproj", "{9C7EF5C7-AA2D-48C4-AA0F-1A9CBC224FB2}"
EndProject
Global
	GlobalSection(SolutionConfigurationPlatforms) = preSolution
		Debug|Any CPU = Debug|Any CPU
		Release|Any CPU = Release|Any CPU
	EndGlobalSection
	GlobalSection(ProjectConfigurationPlatforms) = postSolution
		{9C7EF5C7-AA2D-48C4-AA0F-1A9CBC224FB2}.Debug|Any CPU.ActiveCfg = Debug|Any CPU
		{9C7EF5C7-AA2D-48C4-AA0F-1A9CBC224FB2}.Debug|Any CPU.Build.0 = Debug|Any CPU
		{9C7EF5C7-AA2D-48C4-AA0F-1A9CBC224FB2}.Release|Any CPU.ActiveCfg = Release|Any CPU
		{9C7EF5C7-AA2D-48C4-AA0F-1A9CBC224FB2}.Release|Any CPU.Build.0 = Release|Any CPU
	EndGlobalSection
	GlobalSection(SolutionProperties) = preSolution
		HideSolutionNode = FALSE
	EndGlobalSection
	GlobalSection(ExtensibilityGlobals) = postSolution
		SolutionGuid = {6BC97945-CFDB-4B36-B68E-0931EA571C1C}
	EndGlobalSection
EndGlobal
