
Microsoft Visual Studio Solution File, Format Version 12.00
# Visual Studio 15
VisualStudioVersion = 15.0.28010.2048
MinimumVisualStudioVersion = 10.0.40219.1
Project("{FAE04EC0-301F-11D3-BF4B-00C04F79EFBC}") = "HKAssignment4", "HKAssignment4\HKAssignment4.csproj", "{5F0B595C-4A9E-487A-8F39-38E94B6F60C7}"
EndProject
Global
	GlobalSection(SolutionConfigurationPlatforms) = preSolution
		Debug|Any CPU = Debug|Any CPU
		Release|Any CPU = Release|Any CPU
	EndGlobalSection
	GlobalSection(ProjectConfigurationPlatforms) = postSolution
		{5F0B595C-4A9E-487A-8F39-38E94B6F60C7}.Debug|Any CPU.ActiveCfg = Debug|Any CPU
		{5F0B595C-4A9E-487A-8F39-38E94B6F60C7}.Debug|Any CPU.Build.0 = Debug|Any CPU
		{5F0B595C-4A9E-487A-8F39-38E94B6F60C7}.Release|Any CPU.ActiveCfg = Release|Any CPU
		{5F0B595C-4A9E-487A-8F39-38E94B6F60C7}.Release|Any CPU.Build.0 = Release|Any CPU
	EndGlobalSection
	GlobalSection(SolutionProperties) = preSolution
		HideSolutionNode = FALSE
	EndGlobalSection
	GlobalSection(ExtensibilityGlobals) = postSolution
		SolutionGuid = {2C11CE0D-1213-4D33-9FDC-0C9B81E702D8}
	EndGlobalSection
EndGlobal
